
Microsoft Visual Studio Solution File, Format Version 12.00
# Visual Studio 15
Project("{FAE04EC0-301F-11D3-BF4B-00C04F79EFBC}") = "EatingSnake", "Assembly-CSharp.csproj", "{C02B416D-DEB6-8534-D12B-4D37B40958F7}"
EndProject
Global
	GlobalSection(SolutionConfigurationPlatforms) = preSolution
		Debug|Any CPU = Debug|Any CPU
		Release|Any CPU = Release|Any CPU
	EndGlobalSection
	GlobalSection(ProjectConfigurationPlatforms) = postSolution
		{C02B416D-DEB6-8534-D12B-4D37B40958F7}.Debug|Any CPU.ActiveCfg = Debug|Any CPU
		{C02B416D-DEB6-8534-D12B-4D37B40958F7}.Debug|Any CPU.Build.0 = Debug|Any CPU
		{C02B416D-DEB6-8534-D12B-4D37B40958F7}.Release|Any CPU.ActiveCfg = Release|Any CPU
		{C02B416D-DEB6-8534-D12B-4D37B40958F7}.Release|Any CPU.Build.0 = Release|Any CPU
	EndGlobalSection
	GlobalSection(SolutionProperties) = preSolution
		HideSolutionNode = FALSE
	EndGlobalSection
EndGlobal
